
Microsoft Visual Studio Solution File, Format Version 12.00
# Visual Studio 14
VisualStudioVersion = 14.0.25420.1
MinimumVisualStudioVersion = 10.0.40219.1
Project("{FAE04EC0-301F-11D3-BF4B-00C04F79EFBC}") = "INTERSUR.INFSAP.AccesoDatos", "INTERSUR.INFSAP.AccesoDatos\INTERSUR.INFSAP.AccesoDatos.csproj", "{F52E214D-4EC2-4B64-998A-A44C4A4727E8}"
EndProject
Project("{FAE04EC0-301F-11D3-BF4B-00C04F79EFBC}") = "INTERSUR.INFSAP.Entidades", "..\INTERSUR.INFSAP.Entidades\INTERSUR.INFSAP.Entidades\INTERSUR.INFSAP.Entidades.csproj", "{BEF520D6-5EB2-4C2B-85D8-155A4D9710AB}"
EndProject
Project("{FAE04EC0-301F-11D3-BF4B-00C04F79EFBC}") = "INTERSUR.INFSAP.LogicaNegocio", "..\INTERSUR.INFSAP.LogicaNegocio\INTERSUR.INFSAP.LogicaNegocio.csproj", "{FAC68FBF-7516-40D2-93B7-F8C183DB4EC8}"
EndProject
Project("{FAE04EC0-301F-11D3-BF4B-00C04F79EFBC}") = "INTERSUR.INFSAP.Util", "INTERSUR.INFSAP.Util\INTERSUR.INFSAP.Util.csproj", "{E34F9601-536A-4E54-9DF0-B171DD635864}"
EndProject
Project("{FAE04EC0-301F-11D3-BF4B-00C04F79EFBC}") = "INTERSUR.INFSAP.WSConsulta", "..\INTERSUR.INFSAP.WSConsulta\INTERSUR.INFSAP.WSConsulta.csproj", "{E6171705-1573-43AA-885A-67F05B259CB4}"
EndProject
Project("{FAE04EC0-301F-11D3-BF4B-00C04F79EFBC}") = "Utilitarios", "..\Utilitarios\Utilitarios.csproj", "{9A3CC95F-097F-410E-A654-8DC41AA2D275}"
EndProject
Project("{FAE04EC0-301F-11D3-BF4B-00C04F79EFBC}") = "INTERSUR.INFSAP.WSCrearComprobante", "INTERSUR.INFSAP.WSCrearComprobante\INTERSUR.INFSAP.WSCrearComprobante.csproj", "{69D1B035-ED14-47F8-ADDD-F7C5F6146BC6}"
EndProject
Project("{FAE04EC0-301F-11D3-BF4B-00C04F79EFBC}") = "WSCreaBoleta", "..\WSCreaBoleta\WSCreaBoleta.csproj", "{B7308115-CA67-41CF-A503-E2F066F9EFFE}"
EndProject
Global
	GlobalSection(SolutionConfigurationPlatforms) = preSolution
		Debug|Any CPU = Debug|Any CPU
		Release|Any CPU = Release|Any CPU
	EndGlobalSection
	GlobalSection(ProjectConfigurationPlatforms) = postSolution
		{F52E214D-4EC2-4B64-998A-A44C4A4727E8}.Debug|Any CPU.ActiveCfg = Debug|Any CPU
		{F52E214D-4EC2-4B64-998A-A44C4A4727E8}.Debug|Any CPU.Build.0 = Debug|Any CPU
		{F52E214D-4EC2-4B64-998A-A44C4A4727E8}.Release|Any CPU.ActiveCfg = Release|Any CPU
		{F52E214D-4EC2-4B64-998A-A44C4A4727E8}.Release|Any CPU.Build.0 = Release|Any CPU
		{BEF520D6-5EB2-4C2B-85D8-155A4D9710AB}.Debug|Any CPU.ActiveCfg = Debug|Any CPU
		{BEF520D6-5EB2-4C2B-85D8-155A4D9710AB}.Debug|Any CPU.Build.0 = Debug|Any CPU
		{BEF520D6-5EB2-4C2B-85D8-155A4D9710AB}.Release|Any CPU.ActiveCfg = Release|Any CPU
		{BEF520D6-5EB2-4C2B-85D8-155A4D9710AB}.Release|Any CPU.Build.0 = Release|Any CPU
		{FAC68FBF-7516-40D2-93B7-F8C183DB4EC8}.Debug|Any CPU.ActiveCfg = Debug|Any CPU
		{FAC68FBF-7516-40D2-93B7-F8C183DB4EC8}.Debug|Any CPU.Build.0 = Debug|Any CPU
		{FAC68FBF-7516-40D2-93B7-F8C183DB4EC8}.Release|Any CPU.ActiveCfg = Release|Any CPU
		{FAC68FBF-7516-40D2-93B7-F8C183DB4EC8}.Release|Any CPU.Build.0 = Release|Any CPU
		{E34F9601-536A-4E54-9DF0-B171DD635864}.Debug|Any CPU.ActiveCfg = Debug|Any CPU
		{E34F9601-536A-4E54-9DF0-B171DD635864}.Debug|Any CPU.Build.0 = Debug|Any CPU
		{E34F9601-536A-4E54-9DF0-B171DD635864}.Release|Any CPU.ActiveCfg = Release|Any CPU
		{E34F9601-536A-4E54-9DF0-B171DD635864}.Release|Any CPU.Build.0 = Release|Any CPU
		{E6171705-1573-43AA-885A-67F05B259CB4}.Debug|Any CPU.ActiveCfg = Debug|Any CPU
		{E6171705-1573-43AA-885A-67F05B259CB4}.Debug|Any CPU.Build.0 = Debug|Any CPU
		{E6171705-1573-43AA-885A-67F05B259CB4}.Release|Any CPU.ActiveCfg = Release|Any CPU
		{E6171705-1573-43AA-885A-67F05B259CB4}.Release|Any CPU.Build.0 = Release|Any CPU
		{9A3CC95F-097F-410E-A654-8DC41AA2D275}.Debug|Any CPU.ActiveCfg = Debug|Any CPU
		{9A3CC95F-097F-410E-A654-8DC41AA2D275}.Debug|Any CPU.Build.0 = Debug|Any CPU
		{9A3CC95F-097F-410E-A654-8DC41AA2D275}.Release|Any CPU.ActiveCfg = Release|Any CPU
		{9A3CC95F-097F-410E-A654-8DC41AA2D275}.Release|Any CPU.Build.0 = Release|Any CPU
		{69D1B035-ED14-47F8-ADDD-F7C5F6146BC6}.Debug|Any CPU.ActiveCfg = Debug|Any CPU
		{69D1B035-ED14-47F8-ADDD-F7C5F6146BC6}.Debug|Any CPU.Build.0 = Debug|Any CPU
		{69D1B035-ED14-47F8-ADDD-F7C5F6146BC6}.Release|Any CPU.ActiveCfg = Release|Any CPU
		{69D1B035-ED14-47F8-ADDD-F7C5F6146BC6}.Release|Any CPU.Build.0 = Release|Any CPU
		{B7308115-CA67-41CF-A503-E2F066F9EFFE}.Debug|Any CPU.ActiveCfg = Debug|Any CPU
		{B7308115-CA67-41CF-A503-E2F066F9EFFE}.Debug|Any CPU.Build.0 = Debug|Any CPU
		{B7308115-CA67-41CF-A503-E2F066F9EFFE}.Release|Any CPU.ActiveCfg = Release|Any CPU
		{B7308115-CA67-41CF-A503-E2F066F9EFFE}.Release|Any CPU.Build.0 = Release|Any CPU
	EndGlobalSection
	GlobalSection(SolutionProperties) = preSolution
		HideSolutionNode = FALSE
	EndGlobalSection
EndGlobal
